
Microsoft Visual Studio Solution File, Format Version 12.00
# Visual Studio Version 17
VisualStudioVersion = 17.5.002.0
MinimumVisualStudioVersion = 10.0.40219.1
Project("{9A19103F-16F7-4668-BE54-9A1E7A4F7556}") = "demowebapiminima", "demowebapiminima.csproj", "{78F4B24E-E125-4EBC-84A0-6C9ED50BC916}"
EndProject
Global
	GlobalSection(SolutionConfigurationPlatforms) = preSolution
		Debug|Any CPU = Debug|Any CPU
		Release|Any CPU = Release|Any CPU
	EndGlobalSection
	GlobalSection(ProjectConfigurationPlatforms) = postSolution
		{78F4B24E-E125-4EBC-84A0-6C9ED50BC916}.Debug|Any CPU.ActiveCfg = Debug|Any CPU
		{78F4B24E-E125-4EBC-84A0-6C9ED50BC916}.Debug|Any CPU.Build.0 = Debug|Any CPU
		{78F4B24E-E125-4EBC-84A0-6C9ED50BC916}.Release|Any CPU.ActiveCfg = Release|Any CPU
		{78F4B24E-E125-4EBC-84A0-6C9ED50BC916}.Release|Any CPU.Build.0 = Release|Any CPU
	EndGlobalSection
	GlobalSection(SolutionProperties) = preSolution
		HideSolutionNode = FALSE
	EndGlobalSection
	GlobalSection(ExtensibilityGlobals) = postSolution
		SolutionGuid = {3B0FB8BE-E4F0-4B2F-974C-B29633C12332}
	EndGlobalSection
EndGlobal
